
Microsoft Visual Studio Solution File, Format Version 12.00
# Visual Studio Version 16
VisualStudioVersion = 16.0.32413.511
MinimumVisualStudioVersion = 10.0.40219.1
Project("{FAE04EC0-301F-11D3-BF4B-00C04F79EFBC}") = "file_RW", "file_RW\file_RW.csproj", "{946A65AB-49C9-4DE9-B048-3FA4E67AD1EB}"
EndProject
Global
	GlobalSection(SolutionConfigurationPlatforms) = preSolution
		Debug|Any CPU = Debug|Any CPU
		Release|Any CPU = Release|Any CPU
	EndGlobalSection
	GlobalSection(ProjectConfigurationPlatforms) = postSolution
		{946A65AB-49C9-4DE9-B048-3FA4E67AD1EB}.Debug|Any CPU.ActiveCfg = Debug|Any CPU
		{946A65AB-49C9-4DE9-B048-3FA4E67AD1EB}.Debug|Any CPU.Build.0 = Debug|Any CPU
		{946A65AB-49C9-4DE9-B048-3FA4E67AD1EB}.Release|Any CPU.ActiveCfg = Release|Any CPU
		{946A65AB-49C9-4DE9-B048-3FA4E67AD1EB}.Release|Any CPU.Build.0 = Release|Any CPU
	EndGlobalSection
	GlobalSection(SolutionProperties) = preSolution
		HideSolutionNode = FALSE
	EndGlobalSection
	GlobalSection(ExtensibilityGlobals) = postSolution
		SolutionGuid = {3B59C523-97BA-4297-B829-89EFF0065C23}
	EndGlobalSection
EndGlobal
